// !$*UTF8*$!
{
	archiveVersion = 1;
	classes = {
	};
	objectVersion = 77;
	objects = {

/* Begin PBXBuildFile section */
		D24794032E4EB01E00E26D41 /* Lottie in Frameworks */ = {isa = PBXBuildFile; productRef = D24794022E4EB01E00E26D41 /* Lottie */; };
/* End PBXBuildFile section */

/* Begin PBXContainerItemProxy section */
		D247938A2E4E526500E26D41 /* PBXContainerItemProxy */ = {
			isa = PBXContainerItemProxy;
			containerPortal = D24793682E4E526300E26D41 /* Project object */;
			proxyType = 1;
			remoteGlobalIDString = D247936F2E4E526300E26D41;
			remoteInfo = IbiProductStore;
		};
		D24793942E4E526500E26D41 /* PBXContainerItemProxy */ = {
			isa = PBXContainerItemProxy;
			containerPortal = D24793682E4E526300E26D41 /* Project object */;
			proxyType = 1;
			remoteGlobalIDString = D247936F2E4E526300E26D41;
			remoteInfo = IbiProductStore;
		};
/* End PBXContainerItemProxy section */

/* Begin PBXFileReference section */
		D24793702E4E526300E26D41 /* IbiProductStore.app */ = {isa = PBXFileReference; explicitFileType = wrapper.application; includeInIndex = 0; path = IbiProductStore.app; sourceTree = BUILT_PRODUCTS_DIR; };
		D24793892E4E526400E26D41 /* IbiProductStoreTests.xctest */ = {isa = PBXFileReference; explicitFileType = wrapper.cfbundle; includeInIndex = 0; path = IbiProductStoreTests.xctest; sourceTree = BUILT_PRODUCTS_DIR; };
		D24793932E4E526500E26D41 /* IbiProductStoreUITests.xctest */ = {isa = PBXFileReference; explicitFileType = wrapper.cfbundle; includeInIndex = 0; path = IbiProductStoreUITests.xctest; sourceTree = BUILT_PRODUCTS_DIR; };
/* End PBXFileReference section */

/* Begin PBXFileSystemSynchronizedBuildFileExceptionSet section */
		D247939B2E4E526500E26D41 /* Exceptions for "IbiProductStore" folder in "IbiProductStore" target */ = {
			isa = PBXFileSystemSynchronizedBuildFileExceptionSet;
			membershipExceptions = (
				Info.plist,
			);
			target = D247936F2E4E526300E26D41 /* IbiProductStore */;
		};
/* End PBXFileSystemSynchronizedBuildFileExceptionSet section */

/* Begin PBXFileSystemSynchronizedRootGroup section */
		D24793722E4E526300E26D41 /* IbiProductStore */ = {
			isa = PBXFileSystemSynchronizedRootGroup;
			exceptions = (
				D247939B2E4E526500E26D41 /* Exceptions for "IbiProductStore" folder in "IbiProductStore" target */,
			);
			path = IbiProductStore;
			sourceTree = "<group>";
		};
		D247938C2E4E526500E26D41 /* IbiProductStoreTests */ = {
			isa = PBXFileSystemSynchronizedRootGroup;
			path = IbiProductStoreTests;
			sourceTree = "<group>";
		};
		D24793962E4E526500E26D41 /* IbiProductStoreUITests */ = {
			isa = PBXFileSystemSynchronizedRootGroup;
			path = IbiProductStoreUITests;
			sourceTree = "<group>";
		};
/* End PBXFileSystemSynchronizedRootGroup section */

/* Begin PBXFrameworksBuildPhase section */
		D247936D2E4E526300E26D41 /* Frameworks */ = {
			isa = PBXFrameworksBuildPhase;
			buildActionMask = 2147483647;
			files = (
				D24794032E4EB01E00E26D41 /* Lottie in Frameworks */,
			);
			runOnlyForDeploymentPostprocessing = 0;
		};
		D24793862E4E526400E26D41 /* Frameworks */ = {
			isa = PBXFrameworksBuildPhase;
			buildActionMask = 2147483647;
			files = (
			);
			runOnlyForDeploymentPostprocessing = 0;
		};
		D24793902E4E526500E26D41 /* Frameworks */ = {
			isa = PBXFrameworksBuildPhase;
			buildActionMask = 2147483647;
			files = (
			);
			runOnlyForDeploymentPostprocessing = 0;
		};
/* End PBXFrameworksBuildPhase section */

/* Begin PBXGroup section */
		D24793672E4E526300E26D41 = {
			isa = PBXGroup;
			children = (
				D24793722E4E526300E26D41 /* IbiProductStore */,
				D247938C2E4E526500E26D41 /* IbiProductStoreTests */,
				D24793962E4E526500E26D41 /* IbiProductStoreUITests */,
				D24793712E4E526300E26D41 /* Products */,
			);
			sourceTree = "<group>";
		};
		D24793712E4E526300E26D41 /* Products */ = {
			isa = PBXGroup;
			children = (
				D24793702E4E526300E26D41 /* IbiProductStore.app */,
				D24793892E4E526400E26D41 /* IbiProductStoreTests.xctest */,
				D24793932E4E526500E26D41 /* IbiProductStoreUITests.xctest */,
			);
			name = Products;
			sourceTree = "<group>";
		};
/* End PBXGroup section */

/* Begin PBXNativeTarget section */
		D247936F2E4E526300E26D41 /* IbiProductStore */ = {
			isa = PBXNativeTarget;
			buildConfigurationList = D247939C2E4E526500E26D41 /* Build configuration list for PBXNativeTarget "IbiProductStore" */;
			buildPhases = (
				D247936C2E4E526300E26D41 /* Sources */,
				D247936D2E4E526300E26D41 /* Frameworks */,
				D247936E2E4E526300E26D41 /* Resources */,
			);
			buildRules = (
			);
			dependencies = (
			);
			fileSystemSynchronizedGroups = (
				D24793722E4E526300E26D41 /* IbiProductStore */,
			);
			name = IbiProductStore;
			packageProductDependencies = (
				D24794022E4EB01E00E26D41 /* Lottie */,
			);
			productName = IbiProductStore;
			productReference = D24793702E4E526300E26D41 /* IbiProductStore.app */;
			productType = "com.apple.product-type.application";
		};
		D24793882E4E526400E26D41 /* IbiProductStoreTests */ = {
			isa = PBXNativeTarget;
			buildConfigurationList = D24793A12E4E526500E26D41 /* Build configuration list for PBXNativeTarget "IbiProductStoreTests" */;
			buildPhases = (
				D24793852E4E526400E26D41 /* Sources */,
				D24793862E4E526400E26D41 /* Frameworks */,
				D24793872E4E526400E26D41 /* Resources */,
			);
			buildRules = (
			);
			dependencies = (
				D247938B2E4E526500E26D41 /* PBXTargetDependency */,
			);
			fileSystemSynchronizedGroups = (
				D247938C2E4E526500E26D41 /* IbiProductStoreTests */,
			);
			name = IbiProductStoreTests;
			packageProductDependencies = (
			);
			productName = IbiProductStoreTests;
			productReference = D24793892E4E526400E26D41 /* IbiProductStoreTests.xctest */;
			productType = "com.apple.product-type.bundle.unit-test";
		};
		D24793922E4E526500E26D41 /* IbiProductStoreUITests */ = {
			isa = PBXNativeTarget;
			buildConfigurationList = D24793A42E4E526500E26D41 /* Build configuration list for PBXNativeTarget "IbiProductStoreUITests" */;
			buildPhases = (
				D247938F2E4E526500E26D41 /* Sources */,
				D24793902E4E526500E26D41 /* Frameworks */,
				D24793912E4E526500E26D41 /* Resources */,
			);
			buildRules = (
			);
			dependencies = (
				D24793952E4E526500E26D41 /* PBXTargetDependency */,
			);
			fileSystemSynchronizedGroups = (
				D24793962E4E526500E26D41 /* IbiProductStoreUITests */,
			);
			name = IbiProductStoreUITests;
			packageProductDependencies = (
			);
			productName = IbiProductStoreUITests;
			productReference = D24793932E4E526500E26D41 /* IbiProductStoreUITests.xctest */;
			productType = "com.apple.product-type.bundle.ui-testing";
		};
/* End PBXNativeTarget section */

/* Begin PBXProject section */
		D24793682E4E526300E26D41 /* Project object */ = {
			isa = PBXProject;
			attributes = {
				BuildIndependentTargetsInParallel = 1;
				LastSwiftUpdateCheck = 1640;
				LastUpgradeCheck = 1640;
				TargetAttributes = {
					D247936F2E4E526300E26D41 = {
						CreatedOnToolsVersion = 16.4;
					};
					D24793882E4E526400E26D41 = {
						CreatedOnToolsVersion = 16.4;
						TestTargetID = D247936F2E4E526300E26D41;
					};
					D24793922E4E526500E26D41 = {
						CreatedOnToolsVersion = 16.4;
						TestTargetID = D247936F2E4E526300E26D41;
					};
				};
			};
			buildConfigurationList = D247936B2E4E526300E26D41 /* Build configuration list for PBXProject "IbiProductStore" */;
			developmentRegion = en;
			hasScannedForEncodings = 0;
			knownRegions = (
				en,
				Base,
				he,
			);
			mainGroup = D24793672E4E526300E26D41;
			minimizedProjectReferenceProxies = 1;
			packageReferences = (
				D24794012E4EB01E00E26D41 /* XCRemoteSwiftPackageReference "lottie-spm" */,
			);
			preferredProjectObjectVersion = 77;
			productRefGroup = D24793712E4E526300E26D41 /* Products */;
			projectDirPath = "";
			projectRoot = "";
			targets = (
				D247936F2E4E526300E26D41 /* IbiProductStore */,
				D24793882E4E526400E26D41 /* IbiProductStoreTests */,
				D24793922E4E526500E26D41 /* IbiProductStoreUITests */,
			);
		};
/* End PBXProject section */

/* Begin PBXResourcesBuildPhase section */
		D247936E2E4E526300E26D41 /* Resources */ = {
			isa = PBXResourcesBuildPhase;
			buildActionMask = 2147483647;
			files = (
			);
			runOnlyForDeploymentPostprocessing = 0;
		};
		D24793872E4E526400E26D41 /* Resources */ = {
			isa = PBXResourcesBuildPhase;
			buildActionMask = 2147483647;
			files = (
			);
			runOnlyForDeploymentPostprocessing = 0;
		};
		D24793912E4E526500E26D41 /* Resources */ = {
			isa = PBXResourcesBuildPhase;
			buildActionMask = 2147483647;
			files = (
			);
			runOnlyForDeploymentPostprocessing = 0;
		};
/* End PBXResourcesBuildPhase section */

/* Begin PBXSourcesBuildPhase section */
		D247936C2E4E526300E26D41 /* Sources */ = {
			isa = PBXSourcesBuildPhase;
			buildActionMask = 2147483647;
			files = (
			);
			runOnlyForDeploymentPostprocessing = 0;
		};
		D24793852E4E526400E26D41 /* Sources */ = {
			isa = PBXSourcesBuildPhase;
			buildActionMask = 2147483647;
			files = (
			);
			runOnlyForDeploymentPostprocessing = 0;
		};
		D247938F2E4E526500E26D41 /* Sources */ = {
			isa = PBXSourcesBuildPhase;
			buildActionMask = 2147483647;
			files = (
			);
			runOnlyForDeploymentPostprocessing = 0;
		};
/* End PBXSourcesBuildPhase section */

/* Begin PBXTargetDependency section */
		D247938B2E4E526500E26D41 /* PBXTargetDependency */ = {
			isa = PBXTargetDependency;
			target = D247936F2E4E526300E26D41 /* IbiProductStore */;
			targetProxy = D247938A2E4E526500E26D41 /* PBXContainerItemProxy */;
		};
		D24793952E4E526500E26D41 /* PBXTargetDependency */ = {
			isa = PBXTargetDependency;
			target = D247936F2E4E526300E26D41 /* IbiProductStore */;
			targetProxy = D24793942E4E526500E26D41 /* PBXContainerItemProxy */;
		};
/* End PBXTargetDependency section */

/* Begin XCBuildConfiguration section */
		D247939D2E4E526500E26D41 /* Debug */ = {
			isa = XCBuildConfiguration;
			buildSettings = {
				ASSETCATALOG_COMPILER_APPICON_NAME = AppIcon;
				ASSETCATALOG_COMPILER_GLOBAL_ACCENT_COLOR_NAME = AccentColor;
				CODE_SIGN_STYLE = Automatic;
				CURRENT_PROJECT_VERSION = 1;
				DEVELOPMENT_TEAM = PY33DFS879;
				GENERATE_INFOPLIST_FILE = YES;
				INFOPLIST_FILE = IbiProductStore/Info.plist;
				INFOPLIST_KEY_NSFaceIDUsageDescription = "This app uses Face ID to securely authenticate and access your account.";
				INFOPLIST_KEY_UIApplicationSupportsIndirectInputEvents = YES;
				INFOPLIST_KEY_UILaunchStoryboardName = LaunchScreen;
				INFOPLIST_KEY_UIMainStoryboardFile = Main;
				INFOPLIST_KEY_UIRequiresFullScreen = YES;
				LD_RUNPATH_SEARCH_PATHS = (
					"$(inherited)",
					"@executable_path/Frameworks",
				);
				MARKETING_VERSION = 1.0;
				PRODUCT_BUNDLE_IDENTIFIER = me.IbiProductStore;
				PRODUCT_NAME = "$(TARGET_NAME)";
				SWIFT_EMIT_LOC_STRINGS = YES;
				SWIFT_VERSION = 5.0;
				TARGETED_DEVICE_FAMILY = "1,2";
			};
			name = Debug;
		};
		D247939E2E4E526500E26D41 /* Release */ = {
			isa = XCBuildConfiguration;
			buildSettings = {
				ASSETCATALOG_COMPILER_APPICON_NAME = AppIcon;
				ASSETCATALOG_COMPILER_GLOBAL_ACCENT_COLOR_NAME = AccentColor;
				CODE_SIGN_STYLE = Automatic;
				CURRENT_PROJECT_VERSION = 1;
				DEVELOPMENT_TEAM = PY33DFS879;
				GENERATE_INFOPLIST_FILE = YES;
				INFOPLIST_FILE = IbiProductStore/Info.plist;
				INFOPLIST_KEY_NSFaceIDUsageDescription = "This app uses Face ID to securely authenticate and access your account.";
				INFOPLIST_KEY_UIApplicationSupportsIndirectInputEvents = YES;
				INFOPLIST_KEY_UILaunchStoryboardName = LaunchScreen;
				INFOPLIST_KEY_UIMainStoryboardFile = Main;
				INFOPLIST_KEY_UIRequiresFullScreen = YES;
				LD_RUNPATH_SEARCH_PATHS = (
					"$(inherited)",
					"@executable_path/Frameworks",
				);
				MARKETING_VERSION = 1.0;
				PRODUCT_BUNDLE_IDENTIFIER = me.IbiProductStore;
				PRODUCT_NAME = "$(TARGET_NAME)";
				SWIFT_EMIT_LOC_STRINGS = YES;
				SWIFT_VERSION = 5.0;
				TARGETED_DEVICE_FAMILY = "1,2";
			};
			name = Release;
		};
		D247939F2E4E526500E26D41 /* Debug */ = {
			isa = XCBuildConfiguration;
			buildSettings = {
				ALWAYS_SEARCH_USER_PATHS = NO;
				ASSETCATALOG_COMPILER_GENERATE_SWIFT_ASSET_SYMBOL_EXTENSIONS = YES;
				CLANG_ANALYZER_LOCALIZABILITY_NONLOCALIZED = YES;
				CLANG_ANALYZER_NONNULL = YES;
				CLANG_ANALYZER_NUMBER_OBJECT_CONVERSION = YES_AGGRESSIVE;
				CLANG_CXX_LANGUAGE_STANDARD = "gnu++20";
				CLANG_ENABLE_MODULES = YES;
				CLANG_ENABLE_OBJC_ARC = YES;
				CLANG_ENABLE_OBJC_WEAK = YES;
				CLANG_WARN_BLOCK_CAPTURE_AUTORELEASING = YES;
				CLANG_WARN_BOOL_CONVERSION = YES;
				CLANG_WARN_COMMA = YES;
				CLANG_WARN_CONSTANT_CONVERSION = YES;
				CLANG_WARN_DEPRECATED_OBJC_IMPLEMENTATIONS = YES;
				CLANG_WARN_DIRECT_OBJC_ISA_USAGE = YES_ERROR;
				CLANG_WARN_DOCUMENTATION_COMMENTS = YES;
				CLANG_WARN_EMPTY_BODY = YES;
				CLANG_WARN_ENUM_CONVERSION = YES;
				CLANG_WARN_INFINITE_RECURSION = YES;
				CLANG_WARN_INT_CONVERSION = YES;
				CLANG_WARN_NON_LITERAL_NULL_CONVERSION = YES;
				CLANG_WARN_OBJC_IMPLICIT_RETAIN_SELF = YES;
				CLANG_WARN_OBJC_LITERAL_CONVERSION = YES;
				CLANG_WARN_OBJC_ROOT_CLASS = YES_ERROR;
				CLANG_WARN_QUOTED_INCLUDE_IN_FRAMEWORK_HEADER = YES;
				CLANG_WARN_RANGE_LOOP_ANALYSIS = YES;
				CLANG_WARN_STRICT_PROTOTYPES = YES;
				CLANG_WARN_SUSPICIOUS_MOVE = YES;
				CLANG_WARN_UNGUARDED_AVAILABILITY = YES_AGGRESSIVE;
				CLANG_WARN_UNREACHABLE_CODE = YES;
				CLANG_WARN__DUPLICATE_METHOD_MATCH = YES;
				COPY_PHASE_STRIP = NO;
				DEBUG_INFORMATION_FORMAT = dwarf;
				DEVELOPMENT_TEAM = PY33DFS879;
				ENABLE_STRICT_OBJC_MSGSEND = YES;
				ENABLE_TESTABILITY = YES;
				ENABLE_USER_SCRIPT_SANDBOXING = YES;
				GCC_C_LANGUAGE_STANDARD = gnu17;
				GCC_DYNAMIC_NO_PIC = NO;
				GCC_NO_COMMON_BLOCKS = YES;
				GCC_OPTIMIZATION_LEVEL = 0;
				GCC_PREPROCESSOR_DEFINITIONS = (
					"DEBUG=1",
					"$(inherited)",
				);
				GCC_WARN_64_TO_32_BIT_CONVERSION = YES;
				GCC_WARN_ABOUT_RETURN_TYPE = YES_ERROR;
				GCC_WARN_UNDECLARED_SELECTOR = YES;
				GCC_WARN_UNINITIALIZED_AUTOS = YES_AGGRESSIVE;
				GCC_WARN_UNUSED_FUNCTION = YES;
				GCC_WARN_UNUSED_VARIABLE = YES;
				IPHONEOS_DEPLOYMENT_TARGET = 18.5;
				LOCALIZATION_PREFERS_STRING_CATALOGS = YES;
				MTL_ENABLE_DEBUG_INFO = INCLUDE_SOURCE;
				MTL_FAST_MATH = YES;
				ONLY_ACTIVE_ARCH = YES;
				SDKROOT = iphoneos;
				SWIFT_ACTIVE_COMPILATION_CONDITIONS = "DEBUG $(inherited)";
				SWIFT_OPTIMIZATION_LEVEL = "-Onone";
			};
			name = Debug;
		};
		D24793A02E4E526500E26D41 /* Release */ = {
			isa = XCBuildConfiguration;
			buildSettings = {
				ALWAYS_SEARCH_USER_PATHS = NO;
				ASSETCATALOG_COMPILER_GENERATE_SWIFT_ASSET_SYMBOL_EXTENSIONS = YES;
				CLANG_ANALYZER_LOCALIZABILITY_NONLOCALIZED = YES;
				CLANG_ANALYZER_NONNULL = YES;
				CLANG_ANALYZER_NUMBER_OBJECT_CONVERSION = YES_AGGRESSIVE;
				CLANG_CXX_LANGUAGE_STANDARD = "gnu++20";
				CLANG_ENABLE_MODULES = YES;
				CLANG_ENABLE_OBJC_ARC = YES;
				CLANG_ENABLE_OBJC_WEAK = YES;
				CLANG_WARN_BLOCK_CAPTURE_AUTORELEASING = YES;
				CLANG_WARN_BOOL_CONVERSION = YES;
				CLANG_WARN_COMMA = YES;
				CLANG_WARN_CONSTANT_CONVERSION = YES;
				CLANG_WARN_DEPRECATED_OBJC_IMPLEMENTATIONS = YES;
				CLANG_WARN_DIRECT_OBJC_ISA_USAGE = YES_ERROR;
				CLANG_WARN_DOCUMENTATION_COMMENTS = YES;
				CLANG_WARN_EMPTY_BODY = YES;
				CLANG_WARN_ENUM_CONVERSION = YES;
				CLANG_WARN_INFINITE_RECURSION = YES;
				CLANG_WARN_INT_CONVERSION = YES;
				CLANG_WARN_NON_LITERAL_NULL_CONVERSION = YES;
				CLANG_WARN_OBJC_IMPLICIT_RETAIN_SELF = YES;
				CLANG_WARN_OBJC_LITERAL_CONVERSION = YES;
				CLANG_WARN_OBJC_ROOT_CLASS = YES_ERROR;
				CLANG_WARN_QUOTED_INCLUDE_IN_FRAMEWORK_HEADER = YES;
				CLANG_WARN_RANGE_LOOP_ANALYSIS = YES;
				CLANG_WARN_STRICT_PROTOTYPES = YES;
				CLANG_WARN_SUSPICIOUS_MOVE = YES;
				CLANG_WARN_UNGUARDED_AVAILABILITY = YES_AGGRESSIVE;
				CLANG_WARN_UNREACHABLE_CODE = YES;
				CLANG_WARN__DUPLICATE_METHOD_MATCH = YES;
				COPY_PHASE_STRIP = NO;
				DEBUG_INFORMATION_FORMAT = "dwarf-with-dsym";
				DEVELOPMENT_TEAM = PY33DFS879;
				ENABLE_NS_ASSERTIONS = NO;
				ENABLE_STRICT_OBJC_MSGSEND = YES;
				ENABLE_USER_SCRIPT_SANDBOXING = YES;
				GCC_C_LANGUAGE_STANDARD = gnu17;
				GCC_NO_COMMON_BLOCKS = YES;
				GCC_WARN_64_TO_32_BIT_CONVERSION = YES;
				GCC_WARN_ABOUT_RETURN_TYPE = YES_ERROR;
				GCC_WARN_UNDECLARED_SELECTOR = YES;
				GCC_WARN_UNINITIALIZED_AUTOS = YES_AGGRESSIVE;
				GCC_WARN_UNUSED_FUNCTION = YES;
				GCC_WARN_UNUSED_VARIABLE = YES;
				IPHONEOS_DEPLOYMENT_TARGET = 18.5;
				LOCALIZATION_PREFERS_STRING_CATALOGS = YES;
				MTL_ENABLE_DEBUG_INFO = NO;
				MTL_FAST_MATH = YES;
				SDKROOT = iphoneos;
				SWIFT_COMPILATION_MODE = wholemodule;
				VALIDATE_PRODUCT = YES;
			};
			name = Release;
		};
		D24793A22E4E526500E26D41 /* Debug */ = {
			isa = XCBuildConfiguration;
			buildSettings = {
				BUNDLE_LOADER = "$(TEST_HOST)";
				CODE_SIGN_STYLE = Automatic;
				CURRENT_PROJECT_VERSION = 1;
				DEVELOPMENT_TEAM = PY33DFS879;
				GENERATE_INFOPLIST_FILE = YES;
				IPHONEOS_DEPLOYMENT_TARGET = 18.5;
				MARKETING_VERSION = 1.0;
				PRODUCT_BUNDLE_IDENTIFIER = me.IbiProductStoreTests;
				PRODUCT_NAME = "$(TARGET_NAME)";
				SWIFT_EMIT_LOC_STRINGS = NO;
				SWIFT_VERSION = 5.0;
				TARGETED_DEVICE_FAMILY = "1,2";
				TEST_HOST = "$(BUILT_PRODUCTS_DIR)/IbiProductStore.app/$(BUNDLE_EXECUTABLE_FOLDER_PATH)/IbiProductStore";
			};
			name = Debug;
		};
		D24793A32E4E526500E26D41 /* Release */ = {
			isa = XCBuildConfiguration;
			buildSettings = {
				BUNDLE_LOADER = "$(TEST_HOST)";
				CODE_SIGN_STYLE = Automatic;
				CURRENT_PROJECT_VERSION = 1;
				DEVELOPMENT_TEAM = PY33DFS879;
				GENERATE_INFOPLIST_FILE = YES;
				IPHONEOS_DEPLOYMENT_TARGET = 18.5;
				MARKETING_VERSION = 1.0;
				PRODUCT_BUNDLE_IDENTIFIER = me.IbiProductStoreTests;
				PRODUCT_NAME = "$(TARGET_NAME)";
				SWIFT_EMIT_LOC_STRINGS = NO;
				SWIFT_VERSION = 5.0;
				TARGETED_DEVICE_FAMILY = "1,2";
				TEST_HOST = "$(BUILT_PRODUCTS_DIR)/IbiProductStore.app/$(BUNDLE_EXECUTABLE_FOLDER_PATH)/IbiProductStore";
			};
			name = Release;
		};
		D24793A52E4E526500E26D41 /* Debug */ = {
			isa = XCBuildConfiguration;
			buildSettings = {
				CODE_SIGN_STYLE = Automatic;
				CURRENT_PROJECT_VERSION = 1;
				DEVELOPMENT_TEAM = PY33DFS879;
				GENERATE_INFOPLIST_FILE = YES;
				MARKETING_VERSION = 1.0;
				PRODUCT_BUNDLE_IDENTIFIER = me.IbiProductStoreUITests;
				PRODUCT_NAME = "$(TARGET_NAME)";
				SWIFT_EMIT_LOC_STRINGS = NO;
				SWIFT_VERSION = 5.0;
				TARGETED_DEVICE_FAMILY = "1,2";
				TEST_TARGET_NAME = IbiProductStore;
			};
			name = Debug;
		};
		D24793A62E4E526500E26D41 /* Release */ = {
			isa = XCBuildConfiguration;
			buildSettings = {
				CODE_SIGN_STYLE = Automatic;
				CURRENT_PROJECT_VERSION = 1;
				DEVELOPMENT_TEAM = PY33DFS879;
				GENERATE_INFOPLIST_FILE = YES;
				MARKETING_VERSION = 1.0;
				PRODUCT_BUNDLE_IDENTIFIER = me.IbiProductStoreUITests;
				PRODUCT_NAME = "$(TARGET_NAME)";
				SWIFT_EMIT_LOC_STRINGS = NO;
				SWIFT_VERSION = 5.0;
				TARGETED_DEVICE_FAMILY = "1,2";
				TEST_TARGET_NAME = IbiProductStore;
			};
			name = Release;
		};
/* End XCBuildConfiguration section */

/* Begin XCConfigurationList section */
		D247936B2E4E526300E26D41 /* Build configuration list for PBXProject "IbiProductStore" */ = {
			isa = XCConfigurationList;
			buildConfigurations = (
				D247939F2E4E526500E26D41 /* Debug */,
				D24793A02E4E526500E26D41 /* Release */,
			);
			defaultConfigurationIsVisible = 0;
			defaultConfigurationName = Release;
		};
		D247939C2E4E526500E26D41 /* Build configuration list for PBXNativeTarget "IbiProductStore" */ = {
			isa = XCConfigurationList;
			buildConfigurations = (
				D247939D2E4E526500E26D41 /* Debug */,
				D247939E2E4E526500E26D41 /* Release */,
			);
			defaultConfigurationIsVisible = 0;
			defaultConfigurationName = Release;
		};
		D24793A12E4E526500E26D41 /* Build configuration list for PBXNativeTarget "IbiProductStoreTests" */ = {
			isa = XCConfigurationList;
			buildConfigurations = (
				D24793A22E4E526500E26D41 /* Debug */,
				D24793A32E4E526500E26D41 /* Release */,
			);
			defaultConfigurationIsVisible = 0;
			defaultConfigurationName = Release;
		};
		D24793A42E4E526500E26D41 /* Build configuration list for PBXNativeTarget "IbiProductStoreUITests" */ = {
			isa = XCConfigurationList;
			buildConfigurations = (
				D24793A52E4E526500E26D41 /* Debug */,
				D24793A62E4E526500E26D41 /* Release */,
			);
			defaultConfigurationIsVisible = 0;
			defaultConfigurationName = Release;
		};
/* End XCConfigurationList section */

/* Begin XCRemoteSwiftPackageReference section */
		D24794012E4EB01E00E26D41 /* XCRemoteSwiftPackageReference "lottie-spm" */ = {
			isa = XCRemoteSwiftPackageReference;
			repositoryURL = "https://github.com/airbnb/lottie-spm.git";
			requirement = {
				kind = upToNextMajorVersion;
				minimumVersion = 4.5.2;
			};
		};
/* End XCRemoteSwiftPackageReference section */

/* Begin XCSwiftPackageProductDependency section */
		D24794022E4EB01E00E26D41 /* Lottie */ = {
			isa = XCSwiftPackageProductDependency;
			package = D24794012E4EB01E00E26D41 /* XCRemoteSwiftPackageReference "lottie-spm" */;
			productName = Lottie;
		};
/* End XCSwiftPackageProductDependency section */
	};
	rootObject = D24793682E4E526300E26D41 /* Project object */;
}
